
Microsoft Visual Studio Solution File, Format Version 12.00
# Visual Studio Version 17
VisualStudioVersion = 17.11.35208.52
MinimumVisualStudioVersion = 10.0.40219.1
Project("{FAE04EC0-301F-11D3-BF4B-00C04F79EFBC}") = "WebApplication070924_CRUD", "WebApplication070924_CRUD.csproj", "{BFC06A5D-8050-4A70-A18B-3DA201B038C0}"
EndProject
Global
	GlobalSection(SolutionConfigurationPlatforms) = preSolution
		Debug|Any CPU = Debug|Any CPU
		Release|Any CPU = Release|Any CPU
	EndGlobalSection
	GlobalSection(ProjectConfigurationPlatforms) = postSolution
		{BFC06A5D-8050-4A70-A18B-3DA201B038C0}.Debug|Any CPU.ActiveCfg = Debug|Any CPU
		{BFC06A5D-8050-4A70-A18B-3DA201B038C0}.Debug|Any CPU.Build.0 = Debug|Any CPU
		{BFC06A5D-8050-4A70-A18B-3DA201B038C0}.Release|Any CPU.ActiveCfg = Release|Any CPU
		{BFC06A5D-8050-4A70-A18B-3DA201B038C0}.Release|Any CPU.Build.0 = Release|Any CPU
	EndGlobalSection
	GlobalSection(SolutionProperties) = preSolution
		HideSolutionNode = FALSE
	EndGlobalSection
	GlobalSection(ExtensibilityGlobals) = postSolution
		SolutionGuid = {C77056E6-3F24-4F79-98BC-E933ACB779C7}
	EndGlobalSection
EndGlobal
